// !$*UTF8*$!
{
	archiveVersion = 1;
	classes = {
	};
	objectVersion = 56;
	objects = {

/* Begin PBXBuildFile section */
		D8117D1F2A82C0F900D600AE /* AppDelegate.swift in Sources */ = {isa = PBXBuildFile; fileRef = D8117D1E2A82C0F900D600AE /* AppDelegate.swift */; };
		D8117D212A82C0F900D600AE /* SceneDelegate.swift in Sources */ = {isa = PBXBuildFile; fileRef = D8117D202A82C0F900D600AE /* SceneDelegate.swift */; };
		D8117D232A82C0F900D600AE /* ViewController.swift in Sources */ = {isa = PBXBuildFile; fileRef = D8117D222A82C0F900D600AE /* ViewController.swift */; };
		D8117D262A82C0F900D600AE /* Main.storyboard in Resources */ = {isa = PBXBuildFile; fileRef = D8117D242A82C0F900D600AE /* Main.storyboard */; };
		D8117D282A82C0F900D600AE /* Assets.xcassets in Resources */ = {isa = PBXBuildFile; fileRef = D8117D272A82C0F900D600AE /* Assets.xcassets */; };
		D8117D2B2A82C0F900D600AE /* LaunchScreen.storyboard in Resources */ = {isa = PBXBuildFile; fileRef = D8117D292A82C0F900D600AE /* LaunchScreen.storyboard */; };
		D8117D362A82C0FA00D600AE /* CalculatorTests.swift in Sources */ = {isa = PBXBuildFile; fileRef = D8117D352A82C0FA00D600AE /* CalculatorTests.swift */; };
		D8117D402A82C0FA00D600AE /* CalculatorUITests.swift in Sources */ = {isa = PBXBuildFile; fileRef = D8117D3F2A82C0FA00D600AE /* CalculatorUITests.swift */; };
		D8117D422A82C0FA00D600AE /* CalculatorUITestsLaunchTests.swift in Sources */ = {isa = PBXBuildFile; fileRef = D8117D412A82C0FA00D600AE /* CalculatorUITestsLaunchTests.swift */; };
		D8AA25ED2A836E94002A7C2D /* AppDelegate.swift in Sources */ = {isa = PBXBuildFile; fileRef = D8117D1E2A82C0F900D600AE /* AppDelegate.swift */; };
		D8AA25EE2A836E94002A7C2D /* AppDelegate.swift in Sources */ = {isa = PBXBuildFile; fileRef = D8117D1E2A82C0F900D600AE /* AppDelegate.swift */; };
/* End PBXBuildFile section */

/* Begin PBXContainerItemProxy section */
		D8117D322A82C0FA00D600AE /* PBXContainerItemProxy */ = {
			isa = PBXContainerItemProxy;
			containerPortal = D8117D132A82C0F900D600AE /* Project object */;
			proxyType = 1;
			remoteGlobalIDString = D8117D1A2A82C0F900D600AE;
			remoteInfo = Calculator;
		};
		D8117D3C2A82C0FA00D600AE /* PBXContainerItemProxy */ = {
			isa = PBXContainerItemProxy;
			containerPortal = D8117D132A82C0F900D600AE /* Project object */;
			proxyType = 1;
			remoteGlobalIDString = D8117D1A2A82C0F900D600AE;
			remoteInfo = Calculator;
		};
/* End PBXContainerItemProxy section */

/* Begin PBXFileReference section */
		D8117D1B2A82C0F900D600AE /* Calculator.app */ = {isa = PBXFileReference; explicitFileType = wrapper.application; includeInIndex = 0; path = Calculator.app; sourceTree = BUILT_PRODUCTS_DIR; };
		D8117D1E2A82C0F900D600AE /* AppDelegate.swift */ = {isa = PBXFileReference; lastKnownFileType = sourcecode.swift; path = AppDelegate.swift; sourceTree = "<group>"; };
		D8117D202A82C0F900D600AE /* SceneDelegate.swift */ = {isa = PBXFileReference; lastKnownFileType = sourcecode.swift; path = SceneDelegate.swift; sourceTree = "<group>"; };
		D8117D222A82C0F900D600AE /* ViewController.swift */ = {isa = PBXFileReference; lastKnownFileType = sourcecode.swift; path = ViewController.swift; sourceTree = "<group>"; };
		D8117D252A82C0F900D600AE /* Base */ = {isa = PBXFileReference; lastKnownFileType = file.storyboard; name = Base; path = Base.lproj/Main.storyboard; sourceTree = "<group>"; };
		D8117D272A82C0F900D600AE /* Assets.xcassets */ = {isa = PBXFileReference; lastKnownFileType = folder.assetcatalog; path = Assets.xcassets; sourceTree = "<group>"; };
		D8117D2A2A82C0F900D600AE /* Base */ = {isa = PBXFileReference; lastKnownFileType = file.storyboard; name = Base; path = Base.lproj/LaunchScreen.storyboard; sourceTree = "<group>"; };
		D8117D2C2A82C0F900D600AE /* Info.plist */ = {isa = PBXFileReference; lastKnownFileType = text.plist.xml; path = Info.plist; sourceTree = "<group>"; };
		D8117D312A82C0FA00D600AE /* CalculatorTests.xctest */ = {isa = PBXFileReference; explicitFileType = wrapper.cfbundle; includeInIndex = 0; path = CalculatorTests.xctest; sourceTree = BUILT_PRODUCTS_DIR; };
		D8117D352A82C0FA00D600AE /* CalculatorTests.swift */ = {isa = PBXFileReference; lastKnownFileType = sourcecode.swift; path = CalculatorTests.swift; sourceTree = "<group>"; };
		D8117D3B2A82C0FA00D600AE /* CalculatorUITests.xctest */ = {isa = PBXFileReference; explicitFileType = wrapper.cfbundle; includeInIndex = 0; path = CalculatorUITests.xctest; sourceTree = BUILT_PRODUCTS_DIR; };
		D8117D3F2A82C0FA00D600AE /* CalculatorUITests.swift */ = {isa = PBXFileReference; lastKnownFileType = sourcecode.swift; path = CalculatorUITests.swift; sourceTree = "<group>"; };
		D8117D412A82C0FA00D600AE /* CalculatorUITestsLaunchTests.swift */ = {isa = PBXFileReference; lastKnownFileType = sourcecode.swift; path = CalculatorUITestsLaunchTests.swift; sourceTree = "<group>"; };
/* End PBXFileReference section */

/* Begin PBXFrameworksBuildPhase section */
		D8117D182A82C0F900D600AE /* Frameworks */ = {
			isa = PBXFrameworksBuildPhase;
			buildActionMask = 2147483647;
			files = (
			);
			runOnlyForDeploymentPostprocessing = 0;
		};
		D8117D2E2A82C0FA00D600AE /* Frameworks */ = {
			isa = PBXFrameworksBuildPhase;
			buildActionMask = 2147483647;
			files = (
			);
			runOnlyForDeploymentPostprocessing = 0;
		};
		D8117D382A82C0FA00D600AE /* Frameworks */ = {
			isa = PBXFrameworksBuildPhase;
			buildActionMask = 2147483647;
			files = (
			);
			runOnlyForDeploymentPostprocessing = 0;
		};
/* End PBXFrameworksBuildPhase section */

/* Begin PBXGroup section */
		D8117D122A82C0F900D600AE = {
			isa = PBXGroup;
			children = (
				D8117D1D2A82C0F900D600AE /* Calculator */,
				D8117D342A82C0FA00D600AE /* CalculatorTests */,
				D8117D3E2A82C0FA00D600AE /* CalculatorUITests */,
				D8117D1C2A82C0F900D600AE /* Products */,
			);
			sourceTree = "<group>";
		};
		D8117D1C2A82C0F900D600AE /* Products */ = {
			isa = PBXGroup;
			children = (
				D8117D1B2A82C0F900D600AE /* Calculator.app */,
				D8117D312A82C0FA00D600AE /* CalculatorTests.xctest */,
				D8117D3B2A82C0FA00D600AE /* CalculatorUITests.xctest */,
			);
			name = Products;
			sourceTree = "<group>";
		};
		D8117D1D2A82C0F900D600AE /* Calculator */ = {
			isa = PBXGroup;
			children = (
				D8117D1E2A82C0F900D600AE /* AppDelegate.swift */,
				D8117D202A82C0F900D600AE /* SceneDelegate.swift */,
				D8117D222A82C0F900D600AE /* ViewController.swift */,
				D8117D242A82C0F900D600AE /* Main.storyboard */,
				D8117D272A82C0F900D600AE /* Assets.xcassets */,
				D8117D292A82C0F900D600AE /* LaunchScreen.storyboard */,
				D8117D2C2A82C0F900D600AE /* Info.plist */,
			);
			path = Calculator;
			sourceTree = "<group>";
		};
		D8117D342A82C0FA00D600AE /* CalculatorTests */ = {
			isa = PBXGroup;
			children = (
				D8117D352A82C0FA00D600AE /* CalculatorTests.swift */,
			);
			path = CalculatorTests;
			sourceTree = "<group>";
		};
		D8117D3E2A82C0FA00D600AE /* CalculatorUITests */ = {
			isa = PBXGroup;
			children = (
				D8117D3F2A82C0FA00D600AE /* CalculatorUITests.swift */,
				D8117D412A82C0FA00D600AE /* CalculatorUITestsLaunchTests.swift */,
			);
			path = CalculatorUITests;
			sourceTree = "<group>";
		};
/* End PBXGroup section */

/* Begin PBXNativeTarget section */
		D8117D1A2A82C0F900D600AE /* Calculator */ = {
			isa = PBXNativeTarget;
			buildConfigurationList = D8117D452A82C0FA00D600AE /* Build configuration list for PBXNativeTarget "Calculator" */;
			buildPhases = (
				D8117D172A82C0F900D600AE /* Sources */,
				D8117D182A82C0F900D600AE /* Frameworks */,
				D8117D192A82C0F900D600AE /* Resources */,
			);
			buildRules = (
			);
			dependencies = (
			);
			name = Calculator;
			productName = Calculator;
			productReference = D8117D1B2A82C0F900D600AE /* Calculator.app */;
			productType = "com.apple.product-type.application";
		};
		D8117D302A82C0FA00D600AE /* CalculatorTests */ = {
			isa = PBXNativeTarget;
			buildConfigurationList = D8117D482A82C0FA00D600AE /* Build configuration list for PBXNativeTarget "CalculatorTests" */;
			buildPhases = (
				D8117D2D2A82C0FA00D600AE /* Sources */,
				D8117D2E2A82C0FA00D600AE /* Frameworks */,
				D8117D2F2A82C0FA00D600AE /* Resources */,
			);
			buildRules = (
			);
			dependencies = (
				D8117D332A82C0FA00D600AE /* PBXTargetDependency */,
			);
			name = CalculatorTests;
			productName = CalculatorTests;
			productReference = D8117D312A82C0FA00D600AE /* CalculatorTests.xctest */;
			productType = "com.apple.product-type.bundle.unit-test";
		};
		D8117D3A2A82C0FA00D600AE /* CalculatorUITests */ = {
			isa = PBXNativeTarget;
			buildConfigurationList = D8117D4B2A82C0FA00D600AE /* Build configuration list for PBXNativeTarget "CalculatorUITests" */;
			buildPhases = (
				D8117D372A82C0FA00D600AE /* Sources */,
				D8117D382A82C0FA00D600AE /* Frameworks */,
				D8117D392A82C0FA00D600AE /* Resources */,
			);
			buildRules = (
			);
			dependencies = (
				D8117D3D2A82C0FA00D600AE /* PBXTargetDependency */,
			);
			name = CalculatorUITests;
			productName = CalculatorUITests;
			productReference = D8117D3B2A82C0FA00D600AE /* CalculatorUITests.xctest */;
			productType = "com.apple.product-type.bundle.ui-testing";
		};
/* End PBXNativeTarget section */

/* Begin PBXProject section */
		D8117D132A82C0F900D600AE /* Project object */ = {
			isa = PBXProject;
			attributes = {
				BuildIndependentTargetsInParallel = 1;
				LastSwiftUpdateCheck = 1430;
				LastUpgradeCheck = 1430;
				TargetAttributes = {
					D8117D1A2A82C0F900D600AE = {
						CreatedOnToolsVersion = 14.3.1;
					};
					D8117D302A82C0FA00D600AE = {
						CreatedOnToolsVersion = 14.3.1;
						TestTargetID = D8117D1A2A82C0F900D600AE;
					};
					D8117D3A2A82C0FA00D600AE = {
						CreatedOnToolsVersion = 14.3.1;
						TestTargetID = D8117D1A2A82C0F900D600AE;
					};
				};
			};
			buildConfigurationList = D8117D162A82C0F900D600AE /* Build configuration list for PBXProject "Calculator" */;
			compatibilityVersion = "Xcode 14.0";
			developmentRegion = en;
			hasScannedForEncodings = 0;
			knownRegions = (
				en,
				Base,
			);
			mainGroup = D8117D122A82C0F900D600AE;
			productRefGroup = D8117D1C2A82C0F900D600AE /* Products */;
			projectDirPath = "";
			projectRoot = "";
			targets = (
				D8117D1A2A82C0F900D600AE /* Calculator */,
				D8117D302A82C0FA00D600AE /* CalculatorTests */,
				D8117D3A2A82C0FA00D600AE /* CalculatorUITests */,
			);
		};
/* End PBXProject section */

/* Begin PBXResourcesBuildPhase section */
		D8117D192A82C0F900D600AE /* Resources */ = {
			isa = PBXResourcesBuildPhase;
			buildActionMask = 2147483647;
			files = (
				D8117D2B2A82C0F900D600AE /* LaunchScreen.storyboard in Resources */,
				D8117D282A82C0F900D600AE /* Assets.xcassets in Resources */,
				D8117D262A82C0F900D600AE /* Main.storyboard in Resources */,
			);
			runOnlyForDeploymentPostprocessing = 0;
		};
		D8117D2F2A82C0FA00D600AE /* Resources */ = {
			isa = PBXResourcesBuildPhase;
			buildActionMask = 2147483647;
			files = (
			);
			runOnlyForDeploymentPostprocessing = 0;
		};
		D8117D392A82C0FA00D600AE /* Resources */ = {
			isa = PBXResourcesBuildPhase;
			buildActionMask = 2147483647;
			files = (
			);
			runOnlyForDeploymentPostprocessing = 0;
		};
/* End PBXResourcesBuildPhase section */

/* Begin PBXSourcesBuildPhase section */
		D8117D172A82C0F900D600AE /* Sources */ = {
			isa = PBXSourcesBuildPhase;
			buildActionMask = 2147483647;
			files = (
				D8117D232A82C0F900D600AE /* ViewController.swift in Sources */,
				D8117D1F2A82C0F900D600AE /* AppDelegate.swift in Sources */,
				D8117D212A82C0F900D600AE /* SceneDelegate.swift in Sources */,
			);
			runOnlyForDeploymentPostprocessing = 0;
		};
		D8117D2D2A82C0FA00D600AE /* Sources */ = {
			isa = PBXSourcesBuildPhase;
			buildActionMask = 2147483647;
			files = (
				D8AA25EE2A836E94002A7C2D /* AppDelegate.swift in Sources */,
				D8117D362A82C0FA00D600AE /* CalculatorTests.swift in Sources */,
			);
			runOnlyForDeploymentPostprocessing = 0;
		};
		D8117D372A82C0FA00D600AE /* Sources */ = {
			isa = PBXSourcesBuildPhase;
			buildActionMask = 2147483647;
			files = (
				D8AA25ED2A836E94002A7C2D /* AppDelegate.swift in Sources */,
				D8117D422A82C0FA00D600AE /* CalculatorUITestsLaunchTests.swift in Sources */,
				D8117D402A82C0FA00D600AE /* CalculatorUITests.swift in Sources */,
			);
			runOnlyForDeploymentPostprocessing = 0;
		};
/* End PBXSourcesBuildPhase section */

/* Begin PBXTargetDependency section */
		D8117D332A82C0FA00D600AE /* PBXTargetDependency */ = {
			isa = PBXTargetDependency;
			target = D8117D1A2A82C0F900D600AE /* Calculator */;
			targetProxy = D8117D322A82C0FA00D600AE /* PBXContainerItemProxy */;
		};
		D8117D3D2A82C0FA00D600AE /* PBXTargetDependency */ = {
			isa = PBXTargetDependency;
			target = D8117D1A2A82C0F900D600AE /* Calculator */;
			targetProxy = D8117D3C2A82C0FA00D600AE /* PBXContainerItemProxy */;
		};
/* End PBXTargetDependency section */

/* Begin PBXVariantGroup section */
		D8117D242A82C0F900D600AE /* Main.storyboard */ = {
			isa = PBXVariantGroup;
			children = (
				D8117D252A82C0F900D600AE /* Base */,
			);
			name = Main.storyboard;
			sourceTree = "<group>";
		};
		D8117D292A82C0F900D600AE /* LaunchScreen.storyboard */ = {
			isa = PBXVariantGroup;
			children = (
				D8117D2A2A82C0F900D600AE /* Base */,
			);
			name = LaunchScreen.storyboard;
			sourceTree = "<group>";
		};
/* End PBXVariantGroup section */

/* Begin XCBuildConfiguration section */
		D8117D432A82C0FA00D600AE /* Debug */ = {
			isa = XCBuildConfiguration;
			buildSettings = {
				ALWAYS_SEARCH_USER_PATHS = NO;
				CLANG_ANALYZER_NONNULL = YES;
				CLANG_ANALYZER_NUMBER_OBJECT_CONVERSION = YES_AGGRESSIVE;
				CLANG_CXX_LANGUAGE_STANDARD = "gnu++20";
				CLANG_ENABLE_MODULES = YES;
				CLANG_ENABLE_OBJC_ARC = YES;
				CLANG_ENABLE_OBJC_WEAK = YES;
				CLANG_WARN_BLOCK_CAPTURE_AUTORELEASING = YES;
				CLANG_WARN_BOOL_CONVERSION = YES;
				CLANG_WARN_COMMA = YES;
				CLANG_WARN_CONSTANT_CONVERSION = YES;
				CLANG_WARN_DEPRECATED_OBJC_IMPLEMENTATIONS = YES;
				CLANG_WARN_DIRECT_OBJC_ISA_USAGE = YES_ERROR;
				CLANG_WARN_DOCUMENTATION_COMMENTS = YES;
				CLANG_WARN_EMPTY_BODY = YES;
				CLANG_WARN_ENUM_CONVERSION = YES;
				CLANG_WARN_INFINITE_RECURSION = YES;
				CLANG_WARN_INT_CONVERSION = YES;
				CLANG_WARN_NON_LITERAL_NULL_CONVERSION = YES;
				CLANG_WARN_OBJC_IMPLICIT_RETAIN_SELF = YES;
				CLANG_WARN_OBJC_LITERAL_CONVERSION = YES;
				CLANG_WARN_OBJC_ROOT_CLASS = YES_ERROR;
				CLANG_WARN_QUOTED_INCLUDE_IN_FRAMEWORK_HEADER = YES;
				CLANG_WARN_RANGE_LOOP_ANALYSIS = YES;
				CLANG_WARN_STRICT_PROTOTYPES = YES;
				CLANG_WARN_SUSPICIOUS_MOVE = YES;
				CLANG_WARN_UNGUARDED_AVAILABILITY = YES_AGGRESSIVE;
				CLANG_WARN_UNREACHABLE_CODE = YES;
				CLANG_WARN__DUPLICATE_METHOD_MATCH = YES;
				COPY_PHASE_STRIP = NO;
				DEBUG_INFORMATION_FORMAT = dwarf;
				ENABLE_STRICT_OBJC_MSGSEND = YES;
				ENABLE_TESTABILITY = YES;
				GCC_C_LANGUAGE_STANDARD = gnu11;
				GCC_DYNAMIC_NO_PIC = NO;
				GCC_NO_COMMON_BLOCKS = YES;
				GCC_OPTIMIZATION_LEVEL = 0;
				GCC_PREPROCESSOR_DEFINITIONS = (
					"DEBUG=1",
					"$(inherited)",
				);
				GCC_WARN_64_TO_32_BIT_CONVERSION = YES;
				GCC_WARN_ABOUT_RETURN_TYPE = YES_ERROR;
				GCC_WARN_UNDECLARED_SELECTOR = YES;
				GCC_WARN_UNINITIALIZED_AUTOS = YES_AGGRESSIVE;
				GCC_WARN_UNUSED_FUNCTION = YES;
				GCC_WARN_UNUSED_VARIABLE = YES;
				IPHONEOS_DEPLOYMENT_TARGET = 16.4;
				MTL_ENABLE_DEBUG_INFO = INCLUDE_SOURCE;
				MTL_FAST_MATH = YES;
				ONLY_ACTIVE_ARCH = YES;
				SDKROOT = iphoneos;
				SWIFT_ACTIVE_COMPILATION_CONDITIONS = DEBUG;
				SWIFT_OPTIMIZATION_LEVEL = "-Onone";
			};
			name = Debug;
		};
		D8117D442A82C0FA00D600AE /* Release */ = {
			isa = XCBuildConfiguration;
			buildSettings = {
				ALWAYS_SEARCH_USER_PATHS = NO;
				CLANG_ANALYZER_NONNULL = YES;
				CLANG_ANALYZER_NUMBER_OBJECT_CONVERSION = YES_AGGRESSIVE;
				CLANG_CXX_LANGUAGE_STANDARD = "gnu++20";
				CLANG_ENABLE_MODULES = YES;
				CLANG_ENABLE_OBJC_ARC = YES;
				CLANG_ENABLE_OBJC_WEAK = YES;
				CLANG_WARN_BLOCK_CAPTURE_AUTORELEASING = YES;
				CLANG_WARN_BOOL_CONVERSION = YES;
				CLANG_WARN_COMMA = YES;
				CLANG_WARN_CONSTANT_CONVERSION = YES;
				CLANG_WARN_DEPRECATED_OBJC_IMPLEMENTATIONS = YES;
				CLANG_WARN_DIRECT_OBJC_ISA_USAGE = YES_ERROR;
				CLANG_WARN_DOCUMENTATION_COMMENTS = YES;
				CLANG_WARN_EMPTY_BODY = YES;
				CLANG_WARN_ENUM_CONVERSION = YES;
				CLANG_WARN_INFINITE_RECURSION = YES;
				CLANG_WARN_INT_CONVERSION = YES;
				CLANG_WARN_NON_LITERAL_NULL_CONVERSION = YES;
				CLANG_WARN_OBJC_IMPLICIT_RETAIN_SELF = YES;
				CLANG_WARN_OBJC_LITERAL_CONVERSION = YES;
				CLANG_WARN_OBJC_ROOT_CLASS = YES_ERROR;
				CLANG_WARN_QUOTED_INCLUDE_IN_FRAMEWORK_HEADER = YES;
				CLANG_WARN_RANGE_LOOP_ANALYSIS = YES;
				CLANG_WARN_STRICT_PROTOTYPES = YES;
				CLANG_WARN_SUSPICIOUS_MOVE = YES;
				CLANG_WARN_UNGUARDED_AVAILABILITY = YES_AGGRESSIVE;
				CLANG_WARN_UNREACHABLE_CODE = YES;
				CLANG_WARN__DUPLICATE_METHOD_MATCH = YES;
				COPY_PHASE_STRIP = NO;
				DEBUG_INFORMATION_FORMAT = "dwarf-with-dsym";
				ENABLE_NS_ASSERTIONS = NO;
				ENABLE_STRICT_OBJC_MSGSEND = YES;
				GCC_C_LANGUAGE_STANDARD = gnu11;
				GCC_NO_COMMON_BLOCKS = YES;
				GCC_WARN_64_TO_32_BIT_CONVERSION = YES;
				GCC_WARN_ABOUT_RETURN_TYPE = YES_ERROR;
				GCC_WARN_UNDECLARED_SELECTOR = YES;
				GCC_WARN_UNINITIALIZED_AUTOS = YES_AGGRESSIVE;
				GCC_WARN_UNUSED_FUNCTION = YES;
				GCC_WARN_UNUSED_VARIABLE = YES;
				IPHONEOS_DEPLOYMENT_TARGET = 16.4;
				MTL_ENABLE_DEBUG_INFO = NO;
				MTL_FAST_MATH = YES;
				SDKROOT = iphoneos;
				SWIFT_COMPILATION_MODE = wholemodule;
				SWIFT_OPTIMIZATION_LEVEL = "-O";
				VALIDATE_PRODUCT = YES;
			};
			name = Release;
		};
		D8117D462A82C0FA00D600AE /* Debug */ = {
			isa = XCBuildConfiguration;
			buildSettings = {
				ASSETCATALOG_COMPILER_APPICON_NAME = AppIcon;
				ASSETCATALOG_COMPILER_GLOBAL_ACCENT_COLOR_NAME = AccentColor;
				CODE_SIGN_STYLE = Automatic;
				CURRENT_PROJECT_VERSION = 1;
				GENERATE_INFOPLIST_FILE = YES;
				INFOPLIST_FILE = Calculator/Info.plist;
				INFOPLIST_KEY_UIApplicationSupportsIndirectInputEvents = YES;
				INFOPLIST_KEY_UILaunchStoryboardName = LaunchScreen;
				INFOPLIST_KEY_UIMainStoryboardFile = Main;
				INFOPLIST_KEY_UISupportedInterfaceOrientations_iPad = "UIInterfaceOrientationPortrait UIInterfaceOrientationPortraitUpsideDown UIInterfaceOrientationLandscapeLeft UIInterfaceOrientationLandscapeRight";
				INFOPLIST_KEY_UISupportedInterfaceOrientations_iPhone = "UIInterfaceOrientationPortrait UIInterfaceOrientationLandscapeLeft UIInterfaceOrientationLandscapeRight";
				LD_RUNPATH_SEARCH_PATHS = (
					"$(inherited)",
					"@executable_path/Frameworks",
				);
				MARKETING_VERSION = 1.0;
				PRODUCT_BUNDLE_IDENTIFIER = rachittyagi.Calculator;
				PRODUCT_NAME = "$(TARGET_NAME)";
				SWIFT_EMIT_LOC_STRINGS = YES;
				SWIFT_VERSION = 5.0;
				TARGETED_DEVICE_FAMILY = "1,2";
			};
			name = Debug;
		};
		D8117D472A82C0FA00D600AE /* Release */ = {
			isa = XCBuildConfiguration;
			buildSettings = {
				ASSETCATALOG_COMPILER_APPICON_NAME = AppIcon;
				ASSETCATALOG_COMPILER_GLOBAL_ACCENT_COLOR_NAME = AccentColor;
				CODE_SIGN_STYLE = Automatic;
				CURRENT_PROJECT_VERSION = 1;
				GENERATE_INFOPLIST_FILE = YES;
				INFOPLIST_FILE = Calculator/Info.plist;
				INFOPLIST_KEY_UIApplicationSupportsIndirectInputEvents = YES;
				INFOPLIST_KEY_UILaunchStoryboardName = LaunchScreen;
				INFOPLIST_KEY_UIMainStoryboardFile = Main;
				INFOPLIST_KEY_UISupportedInterfaceOrientations_iPad = "UIInterfaceOrientationPortrait UIInterfaceOrientationPortraitUpsideDown UIInterfaceOrientationLandscapeLeft UIInterfaceOrientationLandscapeRight";
				INFOPLIST_KEY_UISupportedInterfaceOrientations_iPhone = "UIInterfaceOrientationPortrait UIInterfaceOrientationLandscapeLeft UIInterfaceOrientationLandscapeRight";
				LD_RUNPATH_SEARCH_PATHS = (
					"$(inherited)",
					"@executable_path/Frameworks",
				);
				MARKETING_VERSION = 1.0;
				PRODUCT_BUNDLE_IDENTIFIER = rachittyagi.Calculator;
				PRODUCT_NAME = "$(TARGET_NAME)";
				SWIFT_EMIT_LOC_STRINGS = YES;
				SWIFT_VERSION = 5.0;
				TARGETED_DEVICE_FAMILY = "1,2";
			};
			name = Release;
		};
		D8117D492A82C0FA00D600AE /* Debug */ = {
			isa = XCBuildConfiguration;
			buildSettings = {
				ALWAYS_EMBED_SWIFT_STANDARD_LIBRARIES = YES;
				BUNDLE_LOADER = "$(TEST_HOST)";
				CODE_SIGN_STYLE = Automatic;
				CURRENT_PROJECT_VERSION = 1;
				GENERATE_INFOPLIST_FILE = YES;
				IPHONEOS_DEPLOYMENT_TARGET = 16.4;
				MARKETING_VERSION = 1.0;
				PRODUCT_BUNDLE_IDENTIFIER = rachittyagi.CalculatorTests;
				PRODUCT_NAME = "$(TARGET_NAME)";
				SWIFT_EMIT_LOC_STRINGS = NO;
				SWIFT_VERSION = 5.0;
				TARGETED_DEVICE_FAMILY = "1,2";
				TEST_HOST = "$(BUILT_PRODUCTS_DIR)/Calculator.app/$(BUNDLE_EXECUTABLE_FOLDER_PATH)/Calculator";
			};
			name = Debug;
		};
		D8117D4A2A82C0FA00D600AE /* Release */ = {
			isa = XCBuildConfiguration;
			buildSettings = {
				ALWAYS_EMBED_SWIFT_STANDARD_LIBRARIES = YES;
				BUNDLE_LOADER = "$(TEST_HOST)";
				CODE_SIGN_STYLE = Automatic;
				CURRENT_PROJECT_VERSION = 1;
				GENERATE_INFOPLIST_FILE = YES;
				IPHONEOS_DEPLOYMENT_TARGET = 16.4;
				MARKETING_VERSION = 1.0;
				PRODUCT_BUNDLE_IDENTIFIER = rachittyagi.CalculatorTests;
				PRODUCT_NAME = "$(TARGET_NAME)";
				SWIFT_EMIT_LOC_STRINGS = NO;
				SWIFT_VERSION = 5.0;
				TARGETED_DEVICE_FAMILY = "1,2";
				TEST_HOST = "$(BUILT_PRODUCTS_DIR)/Calculator.app/$(BUNDLE_EXECUTABLE_FOLDER_PATH)/Calculator";
			};
			name = Release;
		};
		D8117D4C2A82C0FA00D600AE /* Debug */ = {
			isa = XCBuildConfiguration;
			buildSettings = {
				ALWAYS_EMBED_SWIFT_STANDARD_LIBRARIES = YES;
				CODE_SIGN_STYLE = Automatic;
				CURRENT_PROJECT_VERSION = 1;
				GENERATE_INFOPLIST_FILE = YES;
				MARKETING_VERSION = 1.0;
				PRODUCT_BUNDLE_IDENTIFIER = rachittyagi.CalculatorUITests;
				PRODUCT_NAME = "$(TARGET_NAME)";
				SWIFT_EMIT_LOC_STRINGS = NO;
				SWIFT_VERSION = 5.0;
				TARGETED_DEVICE_FAMILY = "1,2";
				TEST_TARGET_NAME = Calculator;
			};
			name = Debug;
		};
		D8117D4D2A82C0FA00D600AE /* Release */ = {
			isa = XCBuildConfiguration;
			buildSettings = {
				ALWAYS_EMBED_SWIFT_STANDARD_LIBRARIES = YES;
				CODE_SIGN_STYLE = Automatic;
				CURRENT_PROJECT_VERSION = 1;
				GENERATE_INFOPLIST_FILE = YES;
				MARKETING_VERSION = 1.0;
				PRODUCT_BUNDLE_IDENTIFIER = rachittyagi.CalculatorUITests;
				PRODUCT_NAME = "$(TARGET_NAME)";
				SWIFT_EMIT_LOC_STRINGS = NO;
				SWIFT_VERSION = 5.0;
				TARGETED_DEVICE_FAMILY = "1,2";
				TEST_TARGET_NAME = Calculator;
			};
			name = Release;
		};
/* End XCBuildConfiguration section */

/* Begin XCConfigurationList section */
		D8117D162A82C0F900D600AE /* Build configuration list for PBXProject "Calculator" */ = {
			isa = XCConfigurationList;
			buildConfigurations = (
				D8117D432A82C0FA00D600AE /* Debug */,
				D8117D442A82C0FA00D600AE /* Release */,
			);
			defaultConfigurationIsVisible = 0;
			defaultConfigurationName = Release;
		};
		D8117D452A82C0FA00D600AE /* Build configuration list for PBXNativeTarget "Calculator" */ = {
			isa = XCConfigurationList;
			buildConfigurations = (
				D8117D462A82C0FA00D600AE /* Debug */,
				D8117D472A82C0FA00D600AE /* Release */,
			);
			defaultConfigurationIsVisible = 0;
			defaultConfigurationName = Release;
		};
		D8117D482A82C0FA00D600AE /* Build configuration list for PBXNativeTarget "CalculatorTests" */ = {
			isa = XCConfigurationList;
			buildConfigurations = (
				D8117D492A82C0FA00D600AE /* Debug */,
				D8117D4A2A82C0FA00D600AE /* Release */,
			);
			defaultConfigurationIsVisible = 0;
			defaultConfigurationName = Release;
		};
		D8117D4B2A82C0FA00D600AE /* Build configuration list for PBXNativeTarget "CalculatorUITests" */ = {
			isa = XCConfigurationList;
			buildConfigurations = (
				D8117D4C2A82C0FA00D600AE /* Debug */,
				D8117D4D2A82C0FA00D600AE /* Release */,
			);
			defaultConfigurationIsVisible = 0;
			defaultConfigurationName = Release;
		};
/* End XCConfigurationList section */
	};
	rootObject = D8117D132A82C0F900D600AE /* Project object */;
}
